
Microsoft Visual Studio Solution File, Format Version 12.00
# Visual Studio 15
VisualStudioVersion = 15.0.26228.16
MinimumVisualStudioVersion = 10.0.40219.1
Project("{FAE04EC0-301F-11D3-BF4B-00C04F79EFBC}") = "FeatureTest", "FeatureTest\FeatureTest.csproj", "{385C23D7-0A53-452B-886E-78EAEFC26A0B}"
EndProject
Project("{FAE04EC0-301F-11D3-BF4B-00C04F79EFBC}") = "FeatureOrganiser", "ClassLibrary1\FeatureOrganiser.csproj", "{60A02855-E106-4C1A-96D5-817A45377DA4}"
EndProject
Global
	GlobalSection(SolutionConfigurationPlatforms) = preSolution
		Debug|Any CPU = Debug|Any CPU
		Release|Any CPU = Release|Any CPU
	EndGlobalSection
	GlobalSection(ProjectConfigurationPlatforms) = postSolution
		{385C23D7-0A53-452B-886E-78EAEFC26A0B}.Debug|Any CPU.ActiveCfg = Debug|Any CPU
		{385C23D7-0A53-452B-886E-78EAEFC26A0B}.Debug|Any CPU.Build.0 = Debug|Any CPU
		{385C23D7-0A53-452B-886E-78EAEFC26A0B}.Release|Any CPU.ActiveCfg = Release|Any CPU
		{385C23D7-0A53-452B-886E-78EAEFC26A0B}.Release|Any CPU.Build.0 = Release|Any CPU
		{60A02855-E106-4C1A-96D5-817A45377DA4}.Debug|Any CPU.ActiveCfg = Debug|Any CPU
		{60A02855-E106-4C1A-96D5-817A45377DA4}.Debug|Any CPU.Build.0 = Debug|Any CPU
		{60A02855-E106-4C1A-96D5-817A45377DA4}.Release|Any CPU.ActiveCfg = Release|Any CPU
		{60A02855-E106-4C1A-96D5-817A45377DA4}.Release|Any CPU.Build.0 = Release|Any CPU
	EndGlobalSection
	GlobalSection(SolutionProperties) = preSolution
		HideSolutionNode = FALSE
	EndGlobalSection
EndGlobal
